
Microsoft Visual Studio Solution File, Format Version 12.00
# Visual Studio Version 17
VisualStudioVersion = 17.8.34601.278
MinimumVisualStudioVersion = 10.0.40219.1
Project("{2150E333-8FDC-42A3-9474-1A3956D46DE8}") = "1. Порождающие паттерны", "1. Порождающие паттерны", "{6E4400F6-E023-4B9B-840B-DD6CAF40246C}"
EndProject
Project("{2150E333-8FDC-42A3-9474-1A3956D46DE8}") = "2. Поведенческие паттерны", "2. Поведенческие паттерны", "{127EB305-9D04-4CFB-A12E-46834B7BB617}"
EndProject
Project("{2150E333-8FDC-42A3-9474-1A3956D46DE8}") = "3. Структурные паттерны", "3. Структурные паттерны", "{8C619E9A-5537-4EB0-A4B7-1F4636557824}"
EndProject
Project("{9A19103F-16F7-4668-BE54-9A1E7A4F7556}") = "1.01. SimpleFactory", "1.01. SimpleFactory\1.01. SimpleFactory.csproj", "{76223422-FBB5-4C4D-92CB-76E27696BFEB}"
EndProject
Project("{9A19103F-16F7-4668-BE54-9A1E7A4F7556}") = "1.02. FactoryMethod", "1.02. FactoryMethod\1.02. FactoryMethod.csproj", "{2A0ACA75-F699-4F69-8975-FA74726267C1}"
EndProject
Project("{9A19103F-16F7-4668-BE54-9A1E7A4F7556}") = "1.03. AbstractFactory", "1.03. AbstractFactory\1.03. AbstractFactory.csproj", "{64D8AD87-9C42-428A-9EDA-7DA3D16FA309}"
EndProject
Project("{9A19103F-16F7-4668-BE54-9A1E7A4F7556}") = "1.04. Singleton", "1.04. Singleton\1.04. Singleton.csproj", "{E4E9DFBC-25B5-4D7E-9D4D-D03FCFF79F23}"
EndProject
Project("{9A19103F-16F7-4668-BE54-9A1E7A4F7556}") = "1.05. Prototype", "1.05. Prototype\1.05. Prototype.csproj", "{FF946114-EF49-42EA-8D28-C425B1398165}"
EndProject
Project("{9A19103F-16F7-4668-BE54-9A1E7A4F7556}") = "1.06. Builder", "1.06. Builder\1.06. Builder.csproj", "{CFCE395A-BFA5-4822-92F1-44FED7B8ED17}"
EndProject
Project("{9A19103F-16F7-4668-BE54-9A1E7A4F7556}") = "1.07. FluentBuilder", "1.07. FluentBuilder\1.07. FluentBuilder.csproj", "{8705F301-B69F-4763-B8A5-06BD2ACD195C}"
EndProject
Project("{9A19103F-16F7-4668-BE54-9A1E7A4F7556}") = "2.01. Strategy", "2.01. Strategy\2.01. Strategy.csproj", "{2970C737-132E-4886-85EE-7A48DB1A23EB}"
EndProject
Project("{9A19103F-16F7-4668-BE54-9A1E7A4F7556}") = "2.02. Observer", "2.02. Observer\2.02. Observer.csproj", "{B24EE392-4814-4861-9494-61AD3E215577}"
EndProject
Project("{9A19103F-16F7-4668-BE54-9A1E7A4F7556}") = "2.03. Command", "2.03. Command\2.03. Command.csproj", "{E5928EFE-94A8-4647-A310-7FAA43DD0ADA}"
EndProject
Project("{9A19103F-16F7-4668-BE54-9A1E7A4F7556}") = "2.04. TemplateMethod", "2.04. TemplateMethod\2.04. TemplateMethod.csproj", "{E200AB0A-7B71-4A5F-98B2-878CDF99F796}"
EndProject
Project("{9A19103F-16F7-4668-BE54-9A1E7A4F7556}") = "2.05. Iterator", "2.05. Iterator\2.05. Iterator.csproj", "{38514E86-C6FC-4011-9988-886EEC05ECBF}"
EndProject
Project("{9A19103F-16F7-4668-BE54-9A1E7A4F7556}") = "2.06. State", "2.06. State\2.06. State.csproj", "{36FA6BD6-F07F-46E1-972D-343BDDABAB59}"
EndProject
Project("{9A19103F-16F7-4668-BE54-9A1E7A4F7556}") = "2.07. ChainOfResponsibility", "2.07. ChainOfResponsibility\2.07. ChainOfResponsibility.csproj", "{E1E56136-CDD0-4246-B89F-61FEA5AA9651}"
EndProject
Project("{9A19103F-16F7-4668-BE54-9A1E7A4F7556}") = "2.08. Interpreter", "2.08. Interpreter\2.08. Interpreter.csproj", "{EF665413-679E-47A1-A444-6CAD5E756BB2}"
EndProject
Project("{9A19103F-16F7-4668-BE54-9A1E7A4F7556}") = "2.09. Mediator", "2.09. Mediator\2.09. Mediator.csproj", "{D1F549FF-ED3A-4714-B3AF-9E2940D41B46}"
EndProject
Project("{9A19103F-16F7-4668-BE54-9A1E7A4F7556}") = "2.10. Memento", "2.10. Memento\2.10. Memento.csproj", "{5989D442-C63A-42BB-9874-0C84A460C03D}"
EndProject
Project("{9A19103F-16F7-4668-BE54-9A1E7A4F7556}") = "2.11. Visitor", "2.11. Visitor\2.11. Visitor.csproj", "{320D8261-4ECA-4B13-97C1-BA7E4B579255}"
EndProject
Project("{9A19103F-16F7-4668-BE54-9A1E7A4F7556}") = "3.01. Decorator", "3.01. Decorator\3.01. Decorator.csproj", "{3A9B44BD-6EAE-41FB-80C2-B496E986D0F7}"
EndProject
Project("{9A19103F-16F7-4668-BE54-9A1E7A4F7556}") = "3.02. Adapter", "3.02. Adapter\3.02. Adapter.csproj", "{E166AEB6-94C6-48EB-A698-39B2FBFADB86}"
EndProject
Project("{9A19103F-16F7-4668-BE54-9A1E7A4F7556}") = "3.03. Facade", "3.03. Facade\3.03. Facade.csproj", "{674CA861-9BC2-475A-903D-C27E1AB24FEA}"
EndProject
Project("{9A19103F-16F7-4668-BE54-9A1E7A4F7556}") = "3.04. Composite", "3.04. Composite\3.04. Composite.csproj", "{89E4C4AE-9BC7-4634-9B3F-28A6C3907E3C}"
EndProject
Project("{9A19103F-16F7-4668-BE54-9A1E7A4F7556}") = "3.05. Proxy", "3.05. Proxy\3.05. Proxy.csproj", "{B39692FA-6EDD-416D-BC1C-ADB49655A169}"
EndProject
Project("{9A19103F-16F7-4668-BE54-9A1E7A4F7556}") = "3.06. Bridge", "3.06. Bridge\3.06. Bridge.csproj", "{6ACB1ACD-B522-49B4-9754-EF2436331AC1}"
EndProject
Project("{9A19103F-16F7-4668-BE54-9A1E7A4F7556}") = "3.07. Flyweight", "3.07. Flyweight\3.07. Flyweight.csproj", "{48E9BD7F-4B7E-4958-AD08-1D7FD4B9317D}"
EndProject
Project("{2150E333-8FDC-42A3-9474-1A3956D46DE8}") = "Паттерны проектирования", "Паттерны проектирования", "{9BFE13B7-43EC-46AE-B318-C2355E3B1DF6}"
EndProject
Project("{2150E333-8FDC-42A3-9474-1A3956D46DE8}") = "Принципы проектирования", "Принципы проектирования", "{0E967A09-94DE-4B1A-8403-386EF34FC806}"
EndProject
Project("{2150E333-8FDC-42A3-9474-1A3956D46DE8}") = "4. SOLID", "4. SOLID", "{4E4D00BE-CB1B-4CC5-ABAA-FDD81B28E27E}"
EndProject
Project("{9A19103F-16F7-4668-BE54-9A1E7A4F7556}") = "4.01. SingleResponsibility", "4.01. SingleResponsibility\4.01. SingleResponsibility.csproj", "{EE9B3946-5817-4A14-BE27-BC9387C4DDF5}"
EndProject
Project("{9A19103F-16F7-4668-BE54-9A1E7A4F7556}") = "4.02. OpenClosed", "4.02. OpenClosed\4.02. OpenClosed.csproj", "{99EF1A3D-A304-4477-B0F2-3B9DC312F2F3}"
EndProject
Project("{9A19103F-16F7-4668-BE54-9A1E7A4F7556}") = "4.03. LiskovSubstitution", "4.03. LiskovSubstitution\4.03. LiskovSubstitution.csproj", "{58DD6D21-D994-4733-85DF-9054A473BB0D}"
EndProject
Project("{9A19103F-16F7-4668-BE54-9A1E7A4F7556}") = "4.04. InterfaceSegregation", "4.04. InterfaceSegregation\4.04. InterfaceSegregation.csproj", "{021A9A8E-C9AA-4FBD-904A-1578E3E9E3C6}"
EndProject
Project("{9A19103F-16F7-4668-BE54-9A1E7A4F7556}") = "4.05. DependencyInversion", "4.05. DependencyInversion\4.05. DependencyInversion.csproj", "{6A3CEC7A-2A62-4B5A-A906-067513D49E05}"
EndProject
Project("{FAE04EC0-301F-11D3-BF4B-00C04F79EFBC}") = "5. DRY", "5. DRY\5. DRY.csproj", "{2A3402A3-B226-488F-8E67-ACCF0263DDF1}"
EndProject
Project("{FAE04EC0-301F-11D3-BF4B-00C04F79EFBC}") = "6. KISS", "6. KISS\6. KISS.csproj", "{3B526D70-B83A-48E5-A9D6-3532942FEBCE}"
EndProject
Project("{FAE04EC0-301F-11D3-BF4B-00C04F79EFBC}") = "7. YAGNI", "7. YAGNI\7. YAGNI.csproj", "{4AE84500-F162-45A4-8A2F-D720E58626E8}"
EndProject
Global
	GlobalSection(SolutionConfigurationPlatforms) = preSolution
		Debug|Any CPU = Debug|Any CPU
		Release|Any CPU = Release|Any CPU
	EndGlobalSection
	GlobalSection(ProjectConfigurationPlatforms) = postSolution
		{76223422-FBB5-4C4D-92CB-76E27696BFEB}.Debug|Any CPU.ActiveCfg = Debug|Any CPU
		{76223422-FBB5-4C4D-92CB-76E27696BFEB}.Debug|Any CPU.Build.0 = Debug|Any CPU
		{76223422-FBB5-4C4D-92CB-76E27696BFEB}.Release|Any CPU.ActiveCfg = Release|Any CPU
		{76223422-FBB5-4C4D-92CB-76E27696BFEB}.Release|Any CPU.Build.0 = Release|Any CPU
		{2A0ACA75-F699-4F69-8975-FA74726267C1}.Debug|Any CPU.ActiveCfg = Debug|Any CPU
		{2A0ACA75-F699-4F69-8975-FA74726267C1}.Debug|Any CPU.Build.0 = Debug|Any CPU
		{2A0ACA75-F699-4F69-8975-FA74726267C1}.Release|Any CPU.ActiveCfg = Release|Any CPU
		{2A0ACA75-F699-4F69-8975-FA74726267C1}.Release|Any CPU.Build.0 = Release|Any CPU
		{64D8AD87-9C42-428A-9EDA-7DA3D16FA309}.Debug|Any CPU.ActiveCfg = Debug|Any CPU
		{64D8AD87-9C42-428A-9EDA-7DA3D16FA309}.Debug|Any CPU.Build.0 = Debug|Any CPU
		{64D8AD87-9C42-428A-9EDA-7DA3D16FA309}.Release|Any CPU.ActiveCfg = Release|Any CPU
		{64D8AD87-9C42-428A-9EDA-7DA3D16FA309}.Release|Any CPU.Build.0 = Release|Any CPU
		{E4E9DFBC-25B5-4D7E-9D4D-D03FCFF79F23}.Debug|Any CPU.ActiveCfg = Debug|Any CPU
		{E4E9DFBC-25B5-4D7E-9D4D-D03FCFF79F23}.Debug|Any CPU.Build.0 = Debug|Any CPU
		{E4E9DFBC-25B5-4D7E-9D4D-D03FCFF79F23}.Release|Any CPU.ActiveCfg = Release|Any CPU
		{E4E9DFBC-25B5-4D7E-9D4D-D03FCFF79F23}.Release|Any CPU.Build.0 = Release|Any CPU
		{FF946114-EF49-42EA-8D28-C425B1398165}.Debug|Any CPU.ActiveCfg = Debug|Any CPU
		{FF946114-EF49-42EA-8D28-C425B1398165}.Debug|Any CPU.Build.0 = Debug|Any CPU
		{FF946114-EF49-42EA-8D28-C425B1398165}.Release|Any CPU.ActiveCfg = Release|Any CPU
		{FF946114-EF49-42EA-8D28-C425B1398165}.Release|Any CPU.Build.0 = Release|Any CPU
		{CFCE395A-BFA5-4822-92F1-44FED7B8ED17}.Debug|Any CPU.ActiveCfg = Debug|Any CPU
		{CFCE395A-BFA5-4822-92F1-44FED7B8ED17}.Debug|Any CPU.Build.0 = Debug|Any CPU
		{CFCE395A-BFA5-4822-92F1-44FED7B8ED17}.Release|Any CPU.ActiveCfg = Release|Any CPU
		{CFCE395A-BFA5-4822-92F1-44FED7B8ED17}.Release|Any CPU.Build.0 = Release|Any CPU
		{8705F301-B69F-4763-B8A5-06BD2ACD195C}.Debug|Any CPU.ActiveCfg = Debug|Any CPU
		{8705F301-B69F-4763-B8A5-06BD2ACD195C}.Debug|Any CPU.Build.0 = Debug|Any CPU
		{8705F301-B69F-4763-B8A5-06BD2ACD195C}.Release|Any CPU.ActiveCfg = Release|Any CPU
		{8705F301-B69F-4763-B8A5-06BD2ACD195C}.Release|Any CPU.Build.0 = Release|Any CPU
		{2970C737-132E-4886-85EE-7A48DB1A23EB}.Debug|Any CPU.ActiveCfg = Debug|Any CPU
		{2970C737-132E-4886-85EE-7A48DB1A23EB}.Debug|Any CPU.Build.0 = Debug|Any CPU
		{2970C737-132E-4886-85EE-7A48DB1A23EB}.Release|Any CPU.ActiveCfg = Release|Any CPU
		{2970C737-132E-4886-85EE-7A48DB1A23EB}.Release|Any CPU.Build.0 = Release|Any CPU
		{B24EE392-4814-4861-9494-61AD3E215577}.Debug|Any CPU.ActiveCfg = Debug|Any CPU
		{B24EE392-4814-4861-9494-61AD3E215577}.Debug|Any CPU.Build.0 = Debug|Any CPU
		{B24EE392-4814-4861-9494-61AD3E215577}.Release|Any CPU.ActiveCfg = Release|Any CPU
		{B24EE392-4814-4861-9494-61AD3E215577}.Release|Any CPU.Build.0 = Release|Any CPU
		{E5928EFE-94A8-4647-A310-7FAA43DD0ADA}.Debug|Any CPU.ActiveCfg = Debug|Any CPU
		{E5928EFE-94A8-4647-A310-7FAA43DD0ADA}.Debug|Any CPU.Build.0 = Debug|Any CPU
		{E5928EFE-94A8-4647-A310-7FAA43DD0ADA}.Release|Any CPU.ActiveCfg = Release|Any CPU
		{E5928EFE-94A8-4647-A310-7FAA43DD0ADA}.Release|Any CPU.Build.0 = Release|Any CPU
		{E200AB0A-7B71-4A5F-98B2-878CDF99F796}.Debug|Any CPU.ActiveCfg = Debug|Any CPU
		{E200AB0A-7B71-4A5F-98B2-878CDF99F796}.Debug|Any CPU.Build.0 = Debug|Any CPU
		{E200AB0A-7B71-4A5F-98B2-878CDF99F796}.Release|Any CPU.ActiveCfg = Release|Any CPU
		{E200AB0A-7B71-4A5F-98B2-878CDF99F796}.Release|Any CPU.Build.0 = Release|Any CPU
		{38514E86-C6FC-4011-9988-886EEC05ECBF}.Debug|Any CPU.ActiveCfg = Debug|Any CPU
		{38514E86-C6FC-4011-9988-886EEC05ECBF}.Debug|Any CPU.Build.0 = Debug|Any CPU
		{38514E86-C6FC-4011-9988-886EEC05ECBF}.Release|Any CPU.ActiveCfg = Release|Any CPU
		{38514E86-C6FC-4011-9988-886EEC05ECBF}.Release|Any CPU.Build.0 = Release|Any CPU
		{36FA6BD6-F07F-46E1-972D-343BDDABAB59}.Debug|Any CPU.ActiveCfg = Debug|Any CPU
		{36FA6BD6-F07F-46E1-972D-343BDDABAB59}.Debug|Any CPU.Build.0 = Debug|Any CPU
		{36FA6BD6-F07F-46E1-972D-343BDDABAB59}.Release|Any CPU.ActiveCfg = Release|Any CPU
		{36FA6BD6-F07F-46E1-972D-343BDDABAB59}.Release|Any CPU.Build.0 = Release|Any CPU
		{E1E56136-CDD0-4246-B89F-61FEA5AA9651}.Debug|Any CPU.ActiveCfg = Debug|Any CPU
		{E1E56136-CDD0-4246-B89F-61FEA5AA9651}.Debug|Any CPU.Build.0 = Debug|Any CPU
		{E1E56136-CDD0-4246-B89F-61FEA5AA9651}.Release|Any CPU.ActiveCfg = Release|Any CPU
		{E1E56136-CDD0-4246-B89F-61FEA5AA9651}.Release|Any CPU.Build.0 = Release|Any CPU
		{EF665413-679E-47A1-A444-6CAD5E756BB2}.Debug|Any CPU.ActiveCfg = Debug|Any CPU
		{EF665413-679E-47A1-A444-6CAD5E756BB2}.Debug|Any CPU.Build.0 = Debug|Any CPU
		{EF665413-679E-47A1-A444-6CAD5E756BB2}.Release|Any CPU.ActiveCfg = Release|Any CPU
		{EF665413-679E-47A1-A444-6CAD5E756BB2}.Release|Any CPU.Build.0 = Release|Any CPU
		{D1F549FF-ED3A-4714-B3AF-9E2940D41B46}.Debug|Any CPU.ActiveCfg = Debug|Any CPU
		{D1F549FF-ED3A-4714-B3AF-9E2940D41B46}.Debug|Any CPU.Build.0 = Debug|Any CPU
		{D1F549FF-ED3A-4714-B3AF-9E2940D41B46}.Release|Any CPU.ActiveCfg = Release|Any CPU
		{D1F549FF-ED3A-4714-B3AF-9E2940D41B46}.Release|Any CPU.Build.0 = Release|Any CPU
		{5989D442-C63A-42BB-9874-0C84A460C03D}.Debug|Any CPU.ActiveCfg = Debug|Any CPU
		{5989D442-C63A-42BB-9874-0C84A460C03D}.Debug|Any CPU.Build.0 = Debug|Any CPU
		{5989D442-C63A-42BB-9874-0C84A460C03D}.Release|Any CPU.ActiveCfg = Release|Any CPU
		{5989D442-C63A-42BB-9874-0C84A460C03D}.Release|Any CPU.Build.0 = Release|Any CPU
		{320D8261-4ECA-4B13-97C1-BA7E4B579255}.Debug|Any CPU.ActiveCfg = Debug|Any CPU
		{320D8261-4ECA-4B13-97C1-BA7E4B579255}.Debug|Any CPU.Build.0 = Debug|Any CPU
		{320D8261-4ECA-4B13-97C1-BA7E4B579255}.Release|Any CPU.ActiveCfg = Release|Any CPU
		{320D8261-4ECA-4B13-97C1-BA7E4B579255}.Release|Any CPU.Build.0 = Release|Any CPU
		{3A9B44BD-6EAE-41FB-80C2-B496E986D0F7}.Debug|Any CPU.ActiveCfg = Debug|Any CPU
		{3A9B44BD-6EAE-41FB-80C2-B496E986D0F7}.Debug|Any CPU.Build.0 = Debug|Any CPU
		{3A9B44BD-6EAE-41FB-80C2-B496E986D0F7}.Release|Any CPU.ActiveCfg = Release|Any CPU
		{3A9B44BD-6EAE-41FB-80C2-B496E986D0F7}.Release|Any CPU.Build.0 = Release|Any CPU
		{E166AEB6-94C6-48EB-A698-39B2FBFADB86}.Debug|Any CPU.ActiveCfg = Debug|Any CPU
		{E166AEB6-94C6-48EB-A698-39B2FBFADB86}.Debug|Any CPU.Build.0 = Debug|Any CPU
		{E166AEB6-94C6-48EB-A698-39B2FBFADB86}.Release|Any CPU.ActiveCfg = Release|Any CPU
		{E166AEB6-94C6-48EB-A698-39B2FBFADB86}.Release|Any CPU.Build.0 = Release|Any CPU
		{674CA861-9BC2-475A-903D-C27E1AB24FEA}.Debug|Any CPU.ActiveCfg = Debug|Any CPU
		{674CA861-9BC2-475A-903D-C27E1AB24FEA}.Debug|Any CPU.Build.0 = Debug|Any CPU
		{674CA861-9BC2-475A-903D-C27E1AB24FEA}.Release|Any CPU.ActiveCfg = Release|Any CPU
		{674CA861-9BC2-475A-903D-C27E1AB24FEA}.Release|Any CPU.Build.0 = Release|Any CPU
		{89E4C4AE-9BC7-4634-9B3F-28A6C3907E3C}.Debug|Any CPU.ActiveCfg = Debug|Any CPU
		{89E4C4AE-9BC7-4634-9B3F-28A6C3907E3C}.Debug|Any CPU.Build.0 = Debug|Any CPU
		{89E4C4AE-9BC7-4634-9B3F-28A6C3907E3C}.Release|Any CPU.ActiveCfg = Release|Any CPU
		{89E4C4AE-9BC7-4634-9B3F-28A6C3907E3C}.Release|Any CPU.Build.0 = Release|Any CPU
		{B39692FA-6EDD-416D-BC1C-ADB49655A169}.Debug|Any CPU.ActiveCfg = Debug|Any CPU
		{B39692FA-6EDD-416D-BC1C-ADB49655A169}.Debug|Any CPU.Build.0 = Debug|Any CPU
		{B39692FA-6EDD-416D-BC1C-ADB49655A169}.Release|Any CPU.ActiveCfg = Release|Any CPU
		{B39692FA-6EDD-416D-BC1C-ADB49655A169}.Release|Any CPU.Build.0 = Release|Any CPU
		{6ACB1ACD-B522-49B4-9754-EF2436331AC1}.Debug|Any CPU.ActiveCfg = Debug|Any CPU
		{6ACB1ACD-B522-49B4-9754-EF2436331AC1}.Debug|Any CPU.Build.0 = Debug|Any CPU
		{6ACB1ACD-B522-49B4-9754-EF2436331AC1}.Release|Any CPU.ActiveCfg = Release|Any CPU
		{6ACB1ACD-B522-49B4-9754-EF2436331AC1}.Release|Any CPU.Build.0 = Release|Any CPU
		{48E9BD7F-4B7E-4958-AD08-1D7FD4B9317D}.Debug|Any CPU.ActiveCfg = Debug|Any CPU
		{48E9BD7F-4B7E-4958-AD08-1D7FD4B9317D}.Debug|Any CPU.Build.0 = Debug|Any CPU
		{48E9BD7F-4B7E-4958-AD08-1D7FD4B9317D}.Release|Any CPU.ActiveCfg = Release|Any CPU
		{48E9BD7F-4B7E-4958-AD08-1D7FD4B9317D}.Release|Any CPU.Build.0 = Release|Any CPU
		{EE9B3946-5817-4A14-BE27-BC9387C4DDF5}.Debug|Any CPU.ActiveCfg = Debug|Any CPU
		{EE9B3946-5817-4A14-BE27-BC9387C4DDF5}.Debug|Any CPU.Build.0 = Debug|Any CPU
		{EE9B3946-5817-4A14-BE27-BC9387C4DDF5}.Release|Any CPU.ActiveCfg = Release|Any CPU
		{EE9B3946-5817-4A14-BE27-BC9387C4DDF5}.Release|Any CPU.Build.0 = Release|Any CPU
		{99EF1A3D-A304-4477-B0F2-3B9DC312F2F3}.Debug|Any CPU.ActiveCfg = Debug|Any CPU
		{99EF1A3D-A304-4477-B0F2-3B9DC312F2F3}.Debug|Any CPU.Build.0 = Debug|Any CPU
		{99EF1A3D-A304-4477-B0F2-3B9DC312F2F3}.Release|Any CPU.ActiveCfg = Release|Any CPU
		{99EF1A3D-A304-4477-B0F2-3B9DC312F2F3}.Release|Any CPU.Build.0 = Release|Any CPU
		{58DD6D21-D994-4733-85DF-9054A473BB0D}.Debug|Any CPU.ActiveCfg = Debug|Any CPU
		{58DD6D21-D994-4733-85DF-9054A473BB0D}.Debug|Any CPU.Build.0 = Debug|Any CPU
		{58DD6D21-D994-4733-85DF-9054A473BB0D}.Release|Any CPU.ActiveCfg = Release|Any CPU
		{58DD6D21-D994-4733-85DF-9054A473BB0D}.Release|Any CPU.Build.0 = Release|Any CPU
		{021A9A8E-C9AA-4FBD-904A-1578E3E9E3C6}.Debug|Any CPU.ActiveCfg = Debug|Any CPU
		{021A9A8E-C9AA-4FBD-904A-1578E3E9E3C6}.Debug|Any CPU.Build.0 = Debug|Any CPU
		{021A9A8E-C9AA-4FBD-904A-1578E3E9E3C6}.Release|Any CPU.ActiveCfg = Release|Any CPU
		{021A9A8E-C9AA-4FBD-904A-1578E3E9E3C6}.Release|Any CPU.Build.0 = Release|Any CPU
		{6A3CEC7A-2A62-4B5A-A906-067513D49E05}.Debug|Any CPU.ActiveCfg = Debug|Any CPU
		{6A3CEC7A-2A62-4B5A-A906-067513D49E05}.Debug|Any CPU.Build.0 = Debug|Any CPU
		{6A3CEC7A-2A62-4B5A-A906-067513D49E05}.Release|Any CPU.ActiveCfg = Release|Any CPU
		{6A3CEC7A-2A62-4B5A-A906-067513D49E05}.Release|Any CPU.Build.0 = Release|Any CPU
		{2A3402A3-B226-488F-8E67-ACCF0263DDF1}.Debug|Any CPU.ActiveCfg = Debug|Any CPU
		{2A3402A3-B226-488F-8E67-ACCF0263DDF1}.Debug|Any CPU.Build.0 = Debug|Any CPU
		{2A3402A3-B226-488F-8E67-ACCF0263DDF1}.Release|Any CPU.ActiveCfg = Release|Any CPU
		{2A3402A3-B226-488F-8E67-ACCF0263DDF1}.Release|Any CPU.Build.0 = Release|Any CPU
		{3B526D70-B83A-48E5-A9D6-3532942FEBCE}.Debug|Any CPU.ActiveCfg = Debug|Any CPU
		{3B526D70-B83A-48E5-A9D6-3532942FEBCE}.Debug|Any CPU.Build.0 = Debug|Any CPU
		{3B526D70-B83A-48E5-A9D6-3532942FEBCE}.Release|Any CPU.ActiveCfg = Release|Any CPU
		{3B526D70-B83A-48E5-A9D6-3532942FEBCE}.Release|Any CPU.Build.0 = Release|Any CPU
		{4AE84500-F162-45A4-8A2F-D720E58626E8}.Debug|Any CPU.ActiveCfg = Debug|Any CPU
		{4AE84500-F162-45A4-8A2F-D720E58626E8}.Debug|Any CPU.Build.0 = Debug|Any CPU
		{4AE84500-F162-45A4-8A2F-D720E58626E8}.Release|Any CPU.ActiveCfg = Release|Any CPU
		{4AE84500-F162-45A4-8A2F-D720E58626E8}.Release|Any CPU.Build.0 = Release|Any CPU
	EndGlobalSection
	GlobalSection(SolutionProperties) = preSolution
		HideSolutionNode = FALSE
	EndGlobalSection
	GlobalSection(NestedProjects) = preSolution
		{6E4400F6-E023-4B9B-840B-DD6CAF40246C} = {9BFE13B7-43EC-46AE-B318-C2355E3B1DF6}
		{127EB305-9D04-4CFB-A12E-46834B7BB617} = {9BFE13B7-43EC-46AE-B318-C2355E3B1DF6}
		{8C619E9A-5537-4EB0-A4B7-1F4636557824} = {9BFE13B7-43EC-46AE-B318-C2355E3B1DF6}
		{76223422-FBB5-4C4D-92CB-76E27696BFEB} = {6E4400F6-E023-4B9B-840B-DD6CAF40246C}
		{2A0ACA75-F699-4F69-8975-FA74726267C1} = {6E4400F6-E023-4B9B-840B-DD6CAF40246C}
		{64D8AD87-9C42-428A-9EDA-7DA3D16FA309} = {6E4400F6-E023-4B9B-840B-DD6CAF40246C}
		{E4E9DFBC-25B5-4D7E-9D4D-D03FCFF79F23} = {6E4400F6-E023-4B9B-840B-DD6CAF40246C}
		{FF946114-EF49-42EA-8D28-C425B1398165} = {6E4400F6-E023-4B9B-840B-DD6CAF40246C}
		{CFCE395A-BFA5-4822-92F1-44FED7B8ED17} = {6E4400F6-E023-4B9B-840B-DD6CAF40246C}
		{8705F301-B69F-4763-B8A5-06BD2ACD195C} = {6E4400F6-E023-4B9B-840B-DD6CAF40246C}
		{2970C737-132E-4886-85EE-7A48DB1A23EB} = {127EB305-9D04-4CFB-A12E-46834B7BB617}
		{B24EE392-4814-4861-9494-61AD3E215577} = {127EB305-9D04-4CFB-A12E-46834B7BB617}
		{E5928EFE-94A8-4647-A310-7FAA43DD0ADA} = {127EB305-9D04-4CFB-A12E-46834B7BB617}
		{E200AB0A-7B71-4A5F-98B2-878CDF99F796} = {127EB305-9D04-4CFB-A12E-46834B7BB617}
		{38514E86-C6FC-4011-9988-886EEC05ECBF} = {127EB305-9D04-4CFB-A12E-46834B7BB617}
		{36FA6BD6-F07F-46E1-972D-343BDDABAB59} = {127EB305-9D04-4CFB-A12E-46834B7BB617}
		{E1E56136-CDD0-4246-B89F-61FEA5AA9651} = {127EB305-9D04-4CFB-A12E-46834B7BB617}
		{EF665413-679E-47A1-A444-6CAD5E756BB2} = {127EB305-9D04-4CFB-A12E-46834B7BB617}
		{D1F549FF-ED3A-4714-B3AF-9E2940D41B46} = {127EB305-9D04-4CFB-A12E-46834B7BB617}
		{5989D442-C63A-42BB-9874-0C84A460C03D} = {127EB305-9D04-4CFB-A12E-46834B7BB617}
		{320D8261-4ECA-4B13-97C1-BA7E4B579255} = {127EB305-9D04-4CFB-A12E-46834B7BB617}
		{3A9B44BD-6EAE-41FB-80C2-B496E986D0F7} = {8C619E9A-5537-4EB0-A4B7-1F4636557824}
		{E166AEB6-94C6-48EB-A698-39B2FBFADB86} = {8C619E9A-5537-4EB0-A4B7-1F4636557824}
		{674CA861-9BC2-475A-903D-C27E1AB24FEA} = {8C619E9A-5537-4EB0-A4B7-1F4636557824}
		{89E4C4AE-9BC7-4634-9B3F-28A6C3907E3C} = {8C619E9A-5537-4EB0-A4B7-1F4636557824}
		{B39692FA-6EDD-416D-BC1C-ADB49655A169} = {8C619E9A-5537-4EB0-A4B7-1F4636557824}
		{6ACB1ACD-B522-49B4-9754-EF2436331AC1} = {8C619E9A-5537-4EB0-A4B7-1F4636557824}
		{48E9BD7F-4B7E-4958-AD08-1D7FD4B9317D} = {8C619E9A-5537-4EB0-A4B7-1F4636557824}
		{4E4D00BE-CB1B-4CC5-ABAA-FDD81B28E27E} = {0E967A09-94DE-4B1A-8403-386EF34FC806}
		{EE9B3946-5817-4A14-BE27-BC9387C4DDF5} = {4E4D00BE-CB1B-4CC5-ABAA-FDD81B28E27E}
		{99EF1A3D-A304-4477-B0F2-3B9DC312F2F3} = {4E4D00BE-CB1B-4CC5-ABAA-FDD81B28E27E}
		{58DD6D21-D994-4733-85DF-9054A473BB0D} = {4E4D00BE-CB1B-4CC5-ABAA-FDD81B28E27E}
		{021A9A8E-C9AA-4FBD-904A-1578E3E9E3C6} = {4E4D00BE-CB1B-4CC5-ABAA-FDD81B28E27E}
		{6A3CEC7A-2A62-4B5A-A906-067513D49E05} = {4E4D00BE-CB1B-4CC5-ABAA-FDD81B28E27E}
		{2A3402A3-B226-488F-8E67-ACCF0263DDF1} = {0E967A09-94DE-4B1A-8403-386EF34FC806}
		{3B526D70-B83A-48E5-A9D6-3532942FEBCE} = {0E967A09-94DE-4B1A-8403-386EF34FC806}
		{4AE84500-F162-45A4-8A2F-D720E58626E8} = {0E967A09-94DE-4B1A-8403-386EF34FC806}
	EndGlobalSection
	GlobalSection(ExtensibilityGlobals) = postSolution
		SolutionGuid = {E1A20A5C-A164-41F6-BFE4-6D09FD62952A}
	EndGlobalSection
EndGlobal
